# This file is auto-generated by cowork. Do not edit manually.

version = 1

[[package]]
name = "remotion"
version = "4.0.409"
source = "github"
scope = "global"
type = "skills"
install_path = "/Users/zhangalex/.claude/skills"
source_path = "remotion-dev/skills"
git_sha = "8a02b67126a977fdc8223c95e136da576dd86205"
installed_at = "2026-01-25T02:02:42.320769Z"
updated_at = "2026-01-25T02:02:42.320769Z"
enabled = true
skills = ["remotion"]
